
Microsoft Visual Studio Solution File, Format Version 12.00
# Visual Studio 15
VisualStudioVersion = 15.0.28307.271
MinimumVisualStudioVersion = 10.0.40219.1
Project("{8BC9CEB8-8B4A-11D0-8D11-00A0C91BC942}") = "Mandelbrot", "Mandelbrot\Mandelbrot.vcxproj", "{53FFC95A-FEF0-480A-A91A-FF2DDD1B031F}"
EndProject
Global
	GlobalSection(SolutionConfigurationPlatforms) = preSolution
		Debug|x64 = Debug|x64
		Debug|x86 = Debug|x86
		Release|x64 = Release|x64
		Release|x86 = Release|x86
	EndGlobalSection
	GlobalSection(ProjectConfigurationPlatforms) = postSolution
		{53FFC95A-FEF0-480A-A91A-FF2DDD1B031F}.Debug|x64.ActiveCfg = Debug|x64
		{53FFC95A-FEF0-480A-A91A-FF2DDD1B031F}.Debug|x64.Build.0 = Debug|x64
		{53FFC95A-FEF0-480A-A91A-FF2DDD1B031F}.Debug|x86.ActiveCfg = Debug|Win32
		{53FFC95A-FEF0-480A-A91A-FF2DDD1B031F}.Debug|x86.Build.0 = Debug|Win32
		{53FFC95A-FEF0-480A-A91A-FF2DDD1B031F}.Release|x64.ActiveCfg = Release|x64
		{53FFC95A-FEF0-480A-A91A-FF2DDD1B031F}.Release|x64.Build.0 = Release|x64
		{53FFC95A-FEF0-480A-A91A-FF2DDD1B031F}.Release|x86.ActiveCfg = Release|Win32
		{53FFC95A-FEF0-480A-A91A-FF2DDD1B031F}.Release|x86.Build.0 = Release|Win32
	EndGlobalSection
	GlobalSection(SolutionProperties) = preSolution
		HideSolutionNode = FALSE
	EndGlobalSection
	GlobalSection(ExtensibilityGlobals) = postSolution
		SolutionGuid = {5EBFA9EC-1AB8-4B49-8D0B-9AA47AD8FCBE}
	EndGlobalSection
EndGlobal
